
Microsoft Visual Studio Solution File, Format Version 12.00
# Visual Studio Version 17
VisualStudioVersion = 17.4.33110.190
MinimumVisualStudioVersion = 10.0.40219.1
Project("{FAE04EC0-301F-11D3-BF4B-00C04F79EFBC}") = "Documementation", "Documementation\Documementation.csproj", "{FD016FD7-F868-49E4-B230-F8ACD2D61F5B}"
EndProject
Project("{FAE04EC0-301F-11D3-BF4B-00C04F79EFBC}") = "DocumentLib", "DocumentLib\DocumentLib.csproj", "{31F4C6A8-B2D4-4821-8F8D-D6987BE86745}"
EndProject
Global
	GlobalSection(SolutionConfigurationPlatforms) = preSolution
		Debug|Any CPU = Debug|Any CPU
		Release|Any CPU = Release|Any CPU
	EndGlobalSection
	GlobalSection(ProjectConfigurationPlatforms) = postSolution
		{FD016FD7-F868-49E4-B230-F8ACD2D61F5B}.Debug|Any CPU.ActiveCfg = Debug|Any CPU
		{FD016FD7-F868-49E4-B230-F8ACD2D61F5B}.Debug|Any CPU.Build.0 = Debug|Any CPU
		{FD016FD7-F868-49E4-B230-F8ACD2D61F5B}.Release|Any CPU.ActiveCfg = Release|Any CPU
		{FD016FD7-F868-49E4-B230-F8ACD2D61F5B}.Release|Any CPU.Build.0 = Release|Any CPU
		{31F4C6A8-B2D4-4821-8F8D-D6987BE86745}.Debug|Any CPU.ActiveCfg = Debug|Any CPU
		{31F4C6A8-B2D4-4821-8F8D-D6987BE86745}.Debug|Any CPU.Build.0 = Debug|Any CPU
		{31F4C6A8-B2D4-4821-8F8D-D6987BE86745}.Release|Any CPU.ActiveCfg = Release|Any CPU
		{31F4C6A8-B2D4-4821-8F8D-D6987BE86745}.Release|Any CPU.Build.0 = Release|Any CPU
	EndGlobalSection
	GlobalSection(SolutionProperties) = preSolution
		HideSolutionNode = FALSE
	EndGlobalSection
	GlobalSection(ExtensibilityGlobals) = postSolution
		SolutionGuid = {49EFAF86-20A5-49C8-87B0-65E2B41FCDD0}
	EndGlobalSection
EndGlobal
